
Microsoft Visual Studio Solution File, Format Version 12.00
# Visual Studio Version 17
VisualStudioVersion = 17.8.34330.188
MinimumVisualStudioVersion = 10.0.40219.1
Project("{9A19103F-16F7-4668-BE54-9A1E7A4F7556}") = "OnlineFashionStore", "OnlineFashionStore\OnlineFashionStore.csproj", "{B821AA0F-DEA7-4CCB-8722-0B5DFEB07E70}"
EndProject
Global
	GlobalSection(SolutionConfigurationPlatforms) = preSolution
		Debug|Any CPU = Debug|Any CPU
		Release|Any CPU = Release|Any CPU
	EndGlobalSection
	GlobalSection(ProjectConfigurationPlatforms) = postSolution
		{B821AA0F-DEA7-4CCB-8722-0B5DFEB07E70}.Debug|Any CPU.ActiveCfg = Debug|Any CPU
		{B821AA0F-DEA7-4CCB-8722-0B5DFEB07E70}.Debug|Any CPU.Build.0 = Debug|Any CPU
		{B821AA0F-DEA7-4CCB-8722-0B5DFEB07E70}.Release|Any CPU.ActiveCfg = Release|Any CPU
		{B821AA0F-DEA7-4CCB-8722-0B5DFEB07E70}.Release|Any CPU.Build.0 = Release|Any CPU
	EndGlobalSection
	GlobalSection(SolutionProperties) = preSolution
		HideSolutionNode = FALSE
	EndGlobalSection
	GlobalSection(ExtensibilityGlobals) = postSolution
		SolutionGuid = {456D1615-3D3B-432E-8B22-DBB125F783FE}
	EndGlobalSection
EndGlobal
